
Microsoft Visual Studio Solution File, Format Version 12.00
# Visual Studio Version 17
VisualStudioVersion = 17.14.36518.9
MinimumVisualStudioVersion = 10.0.40219.1
Project("{FAE04EC0-301F-11D3-BF4B-00C04F79EFBC}") = "MyWeatherAPI", "MyWeatherAPI\MyWeatherAPI.csproj", "{BDAD53D0-3F49-4680-A4D6-99864DA97067}"
EndProject
Project("{FAE04EC0-301F-11D3-BF4B-00C04F79EFBC}") = "MyWeatherAPI.Test", "MyWeatherAPI.Test\MyWeatherAPI.Test.csproj", "{2D869516-EF62-4093-9D8E-9D8A9CA4303E}"
EndProject
Global
	GlobalSection(SolutionConfigurationPlatforms) = preSolution
		Debug|Any CPU = Debug|Any CPU
		Release|Any CPU = Release|Any CPU
	EndGlobalSection
	GlobalSection(ProjectConfigurationPlatforms) = postSolution
		{BDAD53D0-3F49-4680-A4D6-99864DA97067}.Debug|Any CPU.ActiveCfg = Debug|Any CPU
		{BDAD53D0-3F49-4680-A4D6-99864DA97067}.Debug|Any CPU.Build.0 = Debug|Any CPU
		{BDAD53D0-3F49-4680-A4D6-99864DA97067}.Release|Any CPU.ActiveCfg = Release|Any CPU
		{BDAD53D0-3F49-4680-A4D6-99864DA97067}.Release|Any CPU.Build.0 = Release|Any CPU
		{2D869516-EF62-4093-9D8E-9D8A9CA4303E}.Debug|Any CPU.ActiveCfg = Debug|Any CPU
		{2D869516-EF62-4093-9D8E-9D8A9CA4303E}.Debug|Any CPU.Build.0 = Debug|Any CPU
		{2D869516-EF62-4093-9D8E-9D8A9CA4303E}.Release|Any CPU.ActiveCfg = Release|Any CPU
		{2D869516-EF62-4093-9D8E-9D8A9CA4303E}.Release|Any CPU.Build.0 = Release|Any CPU
	EndGlobalSection
	GlobalSection(SolutionProperties) = preSolution
		HideSolutionNode = FALSE
	EndGlobalSection
	GlobalSection(ExtensibilityGlobals) = postSolution
		SolutionGuid = {54EE415D-FDFF-48FF-A0CE-04C92C51EE2D}
	EndGlobalSection
EndGlobal
